// !$*UTF8*$!
{
	archiveVersion = 1;
	classes = {
	};
	objectVersion = 46;
	objects = {

/* Begin PBXBuildFile section */
		F1AE34BD1DF8963E00722370 /* AppDelegate.swift in Sources */ = {isa = PBXBuildFile; fileRef = F1AE34BC1DF8963E00722370 /* AppDelegate.swift */; };
		F1AE34BF1DF8963E00722370 /* OptionController.swift in Sources */ = {isa = PBXBuildFile; fileRef = F1AE34BE1DF8963E00722370 /* OptionController.swift */; };
		F1AE34C21DF8963E00722370 /* Main.storyboard in Resources */ = {isa = PBXBuildFile; fileRef = F1AE34C01DF8963E00722370 /* Main.storyboard */; };
		F1AE34C51DF8963E00722370 /* MiniMusicBox.xcdatamodeld in Sources */ = {isa = PBXBuildFile; fileRef = F1AE34C31DF8963E00722370 /* MiniMusicBox.xcdatamodeld */; };
		F1AE34C71DF8963E00722370 /* Assets.xcassets in Resources */ = {isa = PBXBuildFile; fileRef = F1AE34C61DF8963E00722370 /* Assets.xcassets */; };
		F1AE34CA1DF8963E00722370 /* LaunchScreen.storyboard in Resources */ = {isa = PBXBuildFile; fileRef = F1AE34C81DF8963E00722370 /* LaunchScreen.storyboard */; };
		F1AE34D21DF89A7B00722370 /* KeyboardViewController.swift in Sources */ = {isa = PBXBuildFile; fileRef = F1AE34D11DF89A7B00722370 /* KeyboardViewController.swift */; };
		F1AE34D41DF89A8800722370 /* KeyboardModel.swift in Sources */ = {isa = PBXBuildFile; fileRef = F1AE34D31DF89A8800722370 /* KeyboardModel.swift */; };
		F1AE34D61DF89A9B00722370 /* GuitarTunerViewController.swift in Sources */ = {isa = PBXBuildFile; fileRef = F1AE34D51DF89A9B00722370 /* GuitarTunerViewController.swift */; };
		F1AE34D81DF89AA900722370 /* GuitarTunerModel.swift in Sources */ = {isa = PBXBuildFile; fileRef = F1AE34D71DF89AA900722370 /* GuitarTunerModel.swift */; };
		F1AE34DA1DF89AC600722370 /* MetronomeViewController.swift in Sources */ = {isa = PBXBuildFile; fileRef = F1AE34D91DF89AC600722370 /* MetronomeViewController.swift */; };
		F1AE34DC1DF89AD000722370 /* MetronomeModel.swift in Sources */ = {isa = PBXBuildFile; fileRef = F1AE34DB1DF89AD000722370 /* MetronomeModel.swift */; };
		F1AE34DE1DF89B2600722370 /* Piano Sounds in Resources */ = {isa = PBXBuildFile; fileRef = F1AE34DD1DF89B2600722370 /* Piano Sounds */; };
		F1AE34E31DFDFE6E00722370 /* Guitar Sounds in Resources */ = {isa = PBXBuildFile; fileRef = F1AE34E21DFDFE6E00722370 /* Guitar Sounds */; };
		F1AE34E51DFE751B00722370 /* Metronome Sounds in Resources */ = {isa = PBXBuildFile; fileRef = F1AE34E41DFE751B00722370 /* Metronome Sounds */; };
/* End PBXBuildFile section */

/* Begin PBXFileReference section */
		F1AE34B91DF8963E00722370 /* MiniMusicBox.app */ = {isa = PBXFileReference; explicitFileType = wrapper.application; includeInIndex = 0; path = MiniMusicBox.app; sourceTree = BUILT_PRODUCTS_DIR; };
		F1AE34BC1DF8963E00722370 /* AppDelegate.swift */ = {isa = PBXFileReference; lastKnownFileType = sourcecode.swift; path = AppDelegate.swift; sourceTree = "<group>"; };
		F1AE34BE1DF8963E00722370 /* OptionController.swift */ = {isa = PBXFileReference; lastKnownFileType = sourcecode.swift; path = OptionController.swift; sourceTree = "<group>"; };
		F1AE34C11DF8963E00722370 /* Base */ = {isa = PBXFileReference; lastKnownFileType = file.storyboard; name = Base; path = Base.lproj/Main.storyboard; sourceTree = "<group>"; };
		F1AE34C41DF8963E00722370 /* MiniMusicBox.xcdatamodel */ = {isa = PBXFileReference; lastKnownFileType = wrapper.xcdatamodel; path = MiniMusicBox.xcdatamodel; sourceTree = "<group>"; };
		F1AE34C61DF8963E00722370 /* Assets.xcassets */ = {isa = PBXFileReference; lastKnownFileType = folder.assetcatalog; path = Assets.xcassets; sourceTree = "<group>"; };
		F1AE34C91DF8963E00722370 /* Base */ = {isa = PBXFileReference; lastKnownFileType = file.storyboard; name = Base; path = Base.lproj/LaunchScreen.storyboard; sourceTree = "<group>"; };
		F1AE34CB1DF8963E00722370 /* Info.plist */ = {isa = PBXFileReference; lastKnownFileType = text.plist.xml; path = Info.plist; sourceTree = "<group>"; };
		F1AE34D11DF89A7B00722370 /* KeyboardViewController.swift */ = {isa = PBXFileReference; fileEncoding = 4; lastKnownFileType = sourcecode.swift; path = KeyboardViewController.swift; sourceTree = "<group>"; };
		F1AE34D31DF89A8800722370 /* KeyboardModel.swift */ = {isa = PBXFileReference; fileEncoding = 4; lastKnownFileType = sourcecode.swift; path = KeyboardModel.swift; sourceTree = "<group>"; };
		F1AE34D51DF89A9B00722370 /* GuitarTunerViewController.swift */ = {isa = PBXFileReference; fileEncoding = 4; lastKnownFileType = sourcecode.swift; path = GuitarTunerViewController.swift; sourceTree = "<group>"; };
		F1AE34D71DF89AA900722370 /* GuitarTunerModel.swift */ = {isa = PBXFileReference; fileEncoding = 4; lastKnownFileType = sourcecode.swift; path = GuitarTunerModel.swift; sourceTree = "<group>"; };
		F1AE34D91DF89AC600722370 /* MetronomeViewController.swift */ = {isa = PBXFileReference; fileEncoding = 4; lastKnownFileType = sourcecode.swift; path = MetronomeViewController.swift; sourceTree = "<group>"; };
		F1AE34DB1DF89AD000722370 /* MetronomeModel.swift */ = {isa = PBXFileReference; fileEncoding = 4; lastKnownFileType = sourcecode.swift; path = MetronomeModel.swift; sourceTree = "<group>"; };
		F1AE34DD1DF89B2600722370 /* Piano Sounds */ = {isa = PBXFileReference; lastKnownFileType = folder; path = "Piano Sounds"; sourceTree = "<group>"; };
		F1AE34E21DFDFE6E00722370 /* Guitar Sounds */ = {isa = PBXFileReference; lastKnownFileType = folder; path = "Guitar Sounds"; sourceTree = "<group>"; };
		F1AE34E41DFE751B00722370 /* Metronome Sounds */ = {isa = PBXFileReference; lastKnownFileType = folder; path = "Metronome Sounds"; sourceTree = "<group>"; };
/* End PBXFileReference section */

/* Begin PBXFrameworksBuildPhase section */
		F1AE34B61DF8963D00722370 /* Frameworks */ = {
			isa = PBXFrameworksBuildPhase;
			buildActionMask = 2147483647;
			files = (
			);
			runOnlyForDeploymentPostprocessing = 0;
		};
/* End PBXFrameworksBuildPhase section */

/* Begin PBXGroup section */
		F1AE34B01DF8963D00722370 = {
			isa = PBXGroup;
			children = (
				F1AE34BB1DF8963E00722370 /* MiniMusicBox */,
				F1AE34BA1DF8963E00722370 /* Products */,
			);
			sourceTree = "<group>";
		};
		F1AE34BA1DF8963E00722370 /* Products */ = {
			isa = PBXGroup;
			children = (
				F1AE34B91DF8963E00722370 /* MiniMusicBox.app */,
			);
			name = Products;
			sourceTree = "<group>";
		};
		F1AE34BB1DF8963E00722370 /* MiniMusicBox */ = {
			isa = PBXGroup;
			children = (
				F1AE34BC1DF8963E00722370 /* AppDelegate.swift */,
				F1AE34BE1DF8963E00722370 /* OptionController.swift */,
				F1AE34D11DF89A7B00722370 /* KeyboardViewController.swift */,
				F1AE34D31DF89A8800722370 /* KeyboardModel.swift */,
				F1AE34D51DF89A9B00722370 /* GuitarTunerViewController.swift */,
				F1AE34D71DF89AA900722370 /* GuitarTunerModel.swift */,
				F1AE34D91DF89AC600722370 /* MetronomeViewController.swift */,
				F1AE34DB1DF89AD000722370 /* MetronomeModel.swift */,
				F1AE34C01DF8963E00722370 /* Main.storyboard */,
				F1AE34C31DF8963E00722370 /* MiniMusicBox.xcdatamodeld */,
				F1AE34DF1DF8B58300722370 /* Supporting Files */,
			);
			path = MiniMusicBox;
			sourceTree = "<group>";
		};
		F1AE34DF1DF8B58300722370 /* Supporting Files */ = {
			isa = PBXGroup;
			children = (
				F1AE34C61DF8963E00722370 /* Assets.xcassets */,
				F1AE34C81DF8963E00722370 /* LaunchScreen.storyboard */,
				F1AE34CB1DF8963E00722370 /* Info.plist */,
				F1AE34E41DFE751B00722370 /* Metronome Sounds */,
				F1AE34E21DFDFE6E00722370 /* Guitar Sounds */,
				F1AE34DD1DF89B2600722370 /* Piano Sounds */,
			);
			name = "Supporting Files";
			sourceTree = "<group>";
		};
/* End PBXGroup section */

/* Begin PBXNativeTarget section */
		F1AE34B81DF8963D00722370 /* MiniMusicBox */ = {
			isa = PBXNativeTarget;
			buildConfigurationList = F1AE34CE1DF8963E00722370 /* Build configuration list for PBXNativeTarget "MiniMusicBox" */;
			buildPhases = (
				F1AE34B51DF8963D00722370 /* Sources */,
				F1AE34B61DF8963D00722370 /* Frameworks */,
				F1AE34B71DF8963D00722370 /* Resources */,
			);
			buildRules = (
			);
			dependencies = (
			);
			name = MiniMusicBox;
			productName = MiniMusicBox;
			productReference = F1AE34B91DF8963E00722370 /* MiniMusicBox.app */;
			productType = "com.apple.product-type.application";
		};
/* End PBXNativeTarget section */

/* Begin PBXProject section */
		F1AE34B11DF8963D00722370 /* Project object */ = {
			isa = PBXProject;
			attributes = {
				LastSwiftUpdateCheck = 0800;
				LastUpgradeCheck = 0800;
				ORGANIZATIONNAME = "Kyle Lessnau";
				TargetAttributes = {
					F1AE34B81DF8963D00722370 = {
						CreatedOnToolsVersion = 8.0;
						ProvisioningStyle = Automatic;
					};
				};
			};
			buildConfigurationList = F1AE34B41DF8963D00722370 /* Build configuration list for PBXProject "MiniMusicBox" */;
			compatibilityVersion = "Xcode 3.2";
			developmentRegion = English;
			hasScannedForEncodings = 0;
			knownRegions = (
				en,
				Base,
			);
			mainGroup = F1AE34B01DF8963D00722370;
			productRefGroup = F1AE34BA1DF8963E00722370 /* Products */;
			projectDirPath = "";
			projectRoot = "";
			targets = (
				F1AE34B81DF8963D00722370 /* MiniMusicBox */,
			);
		};
/* End PBXProject section */

/* Begin PBXResourcesBuildPhase section */
		F1AE34B71DF8963D00722370 /* Resources */ = {
			isa = PBXResourcesBuildPhase;
			buildActionMask = 2147483647;
			files = (
				F1AE34CA1DF8963E00722370 /* LaunchScreen.storyboard in Resources */,
				F1AE34E31DFDFE6E00722370 /* Guitar Sounds in Resources */,
				F1AE34C71DF8963E00722370 /* Assets.xcassets in Resources */,
				F1AE34E51DFE751B00722370 /* Metronome Sounds in Resources */,
				F1AE34C21DF8963E00722370 /* Main.storyboard in Resources */,
				F1AE34DE1DF89B2600722370 /* Piano Sounds in Resources */,
			);
			runOnlyForDeploymentPostprocessing = 0;
		};
/* End PBXResourcesBuildPhase section */

/* Begin PBXSourcesBuildPhase section */
		F1AE34B51DF8963D00722370 /* Sources */ = {
			isa = PBXSourcesBuildPhase;
			buildActionMask = 2147483647;
			files = (
				F1AE34D41DF89A8800722370 /* KeyboardModel.swift in Sources */,
				F1AE34BF1DF8963E00722370 /* OptionController.swift in Sources */,
				F1AE34D81DF89AA900722370 /* GuitarTunerModel.swift in Sources */,
				F1AE34BD1DF8963E00722370 /* AppDelegate.swift in Sources */,
				F1AE34DC1DF89AD000722370 /* MetronomeModel.swift in Sources */,
				F1AE34D61DF89A9B00722370 /* GuitarTunerViewController.swift in Sources */,
				F1AE34DA1DF89AC600722370 /* MetronomeViewController.swift in Sources */,
				F1AE34C51DF8963E00722370 /* MiniMusicBox.xcdatamodeld in Sources */,
				F1AE34D21DF89A7B00722370 /* KeyboardViewController.swift in Sources */,
			);
			runOnlyForDeploymentPostprocessing = 0;
		};
/* End PBXSourcesBuildPhase section */

/* Begin PBXVariantGroup section */
		F1AE34C01DF8963E00722370 /* Main.storyboard */ = {
			isa = PBXVariantGroup;
			children = (
				F1AE34C11DF8963E00722370 /* Base */,
			);
			name = Main.storyboard;
			sourceTree = "<group>";
		};
		F1AE34C81DF8963E00722370 /* LaunchScreen.storyboard */ = {
			isa = PBXVariantGroup;
			children = (
				F1AE34C91DF8963E00722370 /* Base */,
			);
			name = LaunchScreen.storyboard;
			sourceTree = "<group>";
		};
/* End PBXVariantGroup section */

/* Begin XCBuildConfiguration section */
		F1AE34CC1DF8963E00722370 /* Debug */ = {
			isa = XCBuildConfiguration;
			buildSettings = {
				ALWAYS_SEARCH_USER_PATHS = NO;
				CLANG_ANALYZER_NONNULL = YES;
				CLANG_CXX_LANGUAGE_STANDARD = "gnu++0x";
				CLANG_CXX_LIBRARY = "libc++";
				CLANG_ENABLE_MODULES = YES;
				CLANG_ENABLE_OBJC_ARC = YES;
				CLANG_WARN_BOOL_CONVERSION = YES;
				CLANG_WARN_CONSTANT_CONVERSION = YES;
				CLANG_WARN_DIRECT_OBJC_ISA_USAGE = YES_ERROR;
				CLANG_WARN_DOCUMENTATION_COMMENTS = YES;
				CLANG_WARN_EMPTY_BODY = YES;
				CLANG_WARN_ENUM_CONVERSION = YES;
				CLANG_WARN_INFINITE_RECURSION = YES;
				CLANG_WARN_INT_CONVERSION = YES;
				CLANG_WARN_OBJC_ROOT_CLASS = YES_ERROR;
				CLANG_WARN_SUSPICIOUS_MOVES = YES;
				CLANG_WARN_UNREACHABLE_CODE = YES;
				CLANG_WARN__DUPLICATE_METHOD_MATCH = YES;
				"CODE_SIGN_IDENTITY[sdk=iphoneos*]" = "iPhone Developer";
				COPY_PHASE_STRIP = NO;
				DEBUG_INFORMATION_FORMAT = dwarf;
				ENABLE_STRICT_OBJC_MSGSEND = YES;
				ENABLE_TESTABILITY = YES;
				GCC_C_LANGUAGE_STANDARD = gnu99;
				GCC_DYNAMIC_NO_PIC = NO;
				GCC_NO_COMMON_BLOCKS = YES;
				GCC_OPTIMIZATION_LEVEL = 0;
				GCC_PREPROCESSOR_DEFINITIONS = (
					"DEBUG=1",
					"$(inherited)",
				);
				GCC_WARN_64_TO_32_BIT_CONVERSION = YES;
				GCC_WARN_ABOUT_RETURN_TYPE = YES_ERROR;
				GCC_WARN_UNDECLARED_SELECTOR = YES;
				GCC_WARN_UNINITIALIZED_AUTOS = YES_AGGRESSIVE;
				GCC_WARN_UNUSED_FUNCTION = YES;
				GCC_WARN_UNUSED_VARIABLE = YES;
				IPHONEOS_DEPLOYMENT_TARGET = 10.0;
				MTL_ENABLE_DEBUG_INFO = YES;
				ONLY_ACTIVE_ARCH = YES;
				SDKROOT = iphoneos;
				SWIFT_ACTIVE_COMPILATION_CONDITIONS = DEBUG;
				SWIFT_OPTIMIZATION_LEVEL = "-Onone";
				TARGETED_DEVICE_FAMILY = "1,2";
			};
			name = Debug;
		};
		F1AE34CD1DF8963E00722370 /* Release */ = {
			isa = XCBuildConfiguration;
			buildSettings = {
				ALWAYS_SEARCH_USER_PATHS = NO;
				CLANG_ANALYZER_NONNULL = YES;
				CLANG_CXX_LANGUAGE_STANDARD = "gnu++0x";
				CLANG_CXX_LIBRARY = "libc++";
				CLANG_ENABLE_MODULES = YES;
				CLANG_ENABLE_OBJC_ARC = YES;
				CLANG_WARN_BOOL_CONVERSION = YES;
				CLANG_WARN_CONSTANT_CONVERSION = YES;
				CLANG_WARN_DIRECT_OBJC_ISA_USAGE = YES_ERROR;
				CLANG_WARN_DOCUMENTATION_COMMENTS = YES;
				CLANG_WARN_EMPTY_BODY = YES;
				CLANG_WARN_ENUM_CONVERSION = YES;
				CLANG_WARN_INFINITE_RECURSION = YES;
				CLANG_WARN_INT_CONVERSION = YES;
				CLANG_WARN_OBJC_ROOT_CLASS = YES_ERROR;
				CLANG_WARN_SUSPICIOUS_MOVES = YES;
				CLANG_WARN_UNREACHABLE_CODE = YES;
				CLANG_WARN__DUPLICATE_METHOD_MATCH = YES;
				"CODE_SIGN_IDENTITY[sdk=iphoneos*]" = "iPhone Developer";
				COPY_PHASE_STRIP = NO;
				DEBUG_INFORMATION_FORMAT = "dwarf-with-dsym";
				ENABLE_NS_ASSERTIONS = NO;
				ENABLE_STRICT_OBJC_MSGSEND = YES;
				GCC_C_LANGUAGE_STANDARD = gnu99;
				GCC_NO_COMMON_BLOCKS = YES;
				GCC_WARN_64_TO_32_BIT_CONVERSION = YES;
				GCC_WARN_ABOUT_RETURN_TYPE = YES_ERROR;
				GCC_WARN_UNDECLARED_SELECTOR = YES;
				GCC_WARN_UNINITIALIZED_AUTOS = YES_AGGRESSIVE;
				GCC_WARN_UNUSED_FUNCTION = YES;
				GCC_WARN_UNUSED_VARIABLE = YES;
				IPHONEOS_DEPLOYMENT_TARGET = 10.0;
				MTL_ENABLE_DEBUG_INFO = NO;
				SDKROOT = iphoneos;
				SWIFT_OPTIMIZATION_LEVEL = "-Owholemodule";
				TARGETED_DEVICE_FAMILY = "1,2";
				VALIDATE_PRODUCT = YES;
			};
			name = Release;
		};
		F1AE34CF1DF8963E00722370 /* Debug */ = {
			isa = XCBuildConfiguration;
			buildSettings = {
				ASSETCATALOG_COMPILER_APPICON_NAME = AppIcon;
				INFOPLIST_FILE = MiniMusicBox/Info.plist;
				IPHONEOS_DEPLOYMENT_TARGET = 10.0;
				LD_RUNPATH_SEARCH_PATHS = "$(inherited) @executable_path/Frameworks";
				PRODUCT_BUNDLE_IDENTIFIER = edu.umsl.MiniMusicBox;
				PRODUCT_NAME = "$(TARGET_NAME)";
				SWIFT_VERSION = 3.0;
				TARGETED_DEVICE_FAMILY = 1;
			};
			name = Debug;
		};
		F1AE34D01DF8963E00722370 /* Release */ = {
			isa = XCBuildConfiguration;
			buildSettings = {
				ASSETCATALOG_COMPILER_APPICON_NAME = AppIcon;
				INFOPLIST_FILE = MiniMusicBox/Info.plist;
				IPHONEOS_DEPLOYMENT_TARGET = 10.0;
				LD_RUNPATH_SEARCH_PATHS = "$(inherited) @executable_path/Frameworks";
				PRODUCT_BUNDLE_IDENTIFIER = edu.umsl.MiniMusicBox;
				PRODUCT_NAME = "$(TARGET_NAME)";
				SWIFT_VERSION = 3.0;
				TARGETED_DEVICE_FAMILY = 1;
			};
			name = Release;
		};
/* End XCBuildConfiguration section */

/* Begin XCConfigurationList section */
		F1AE34B41DF8963D00722370 /* Build configuration list for PBXProject "MiniMusicBox" */ = {
			isa = XCConfigurationList;
			buildConfigurations = (
				F1AE34CC1DF8963E00722370 /* Debug */,
				F1AE34CD1DF8963E00722370 /* Release */,
			);
			defaultConfigurationIsVisible = 0;
			defaultConfigurationName = Release;
		};
		F1AE34CE1DF8963E00722370 /* Build configuration list for PBXNativeTarget "MiniMusicBox" */ = {
			isa = XCConfigurationList;
			buildConfigurations = (
				F1AE34CF1DF8963E00722370 /* Debug */,
				F1AE34D01DF8963E00722370 /* Release */,
			);
			defaultConfigurationIsVisible = 0;
		};
/* End XCConfigurationList section */

/* Begin XCVersionGroup section */
		F1AE34C31DF8963E00722370 /* MiniMusicBox.xcdatamodeld */ = {
			isa = XCVersionGroup;
			children = (
				F1AE34C41DF8963E00722370 /* MiniMusicBox.xcdatamodel */,
			);
			currentVersion = F1AE34C41DF8963E00722370 /* MiniMusicBox.xcdatamodel */;
			path = MiniMusicBox.xcdatamodeld;
			sourceTree = "<group>";
			versionGroupType = wrapper.xcdatamodel;
		};
/* End XCVersionGroup section */
	};
	rootObject = F1AE34B11DF8963D00722370 /* Project object */;
}
